
Microsoft Visual Studio Solution File, Format Version 12.00
# Visual Studio Version 16
VisualStudioVersion = 16.0.30804.86
MinimumVisualStudioVersion = 10.0.40219.1
Project("{9A19103F-16F7-4668-BE54-9A1E7A4F7556}") = "PerfectNumbers", "PerfectNumbers\PerfectNumbers.csproj", "{DABCEA04-E1DB-43A2-9EEA-C6AC78A46C76}"
EndProject
Global
	GlobalSection(SolutionConfigurationPlatforms) = preSolution
		Debug|Any CPU = Debug|Any CPU
		Release|Any CPU = Release|Any CPU
	EndGlobalSection
	GlobalSection(ProjectConfigurationPlatforms) = postSolution
		{DABCEA04-E1DB-43A2-9EEA-C6AC78A46C76}.Debug|Any CPU.ActiveCfg = Debug|Any CPU
		{DABCEA04-E1DB-43A2-9EEA-C6AC78A46C76}.Debug|Any CPU.Build.0 = Debug|Any CPU
		{DABCEA04-E1DB-43A2-9EEA-C6AC78A46C76}.Release|Any CPU.ActiveCfg = Release|Any CPU
		{DABCEA04-E1DB-43A2-9EEA-C6AC78A46C76}.Release|Any CPU.Build.0 = Release|Any CPU
	EndGlobalSection
	GlobalSection(SolutionProperties) = preSolution
		HideSolutionNode = FALSE
	EndGlobalSection
	GlobalSection(ExtensibilityGlobals) = postSolution
		SolutionGuid = {B9EB8886-EEEC-4184-BBE6-EAE29B2D73DE}
	EndGlobalSection
EndGlobal
